PODS:
  - Alamofire (5.5.0)
  - FontAwesome.swift (1.9.1)
  - PromiseKit (6.17.0):
    - PromiseKit/CorePromise (= 6.17.0)
    - PromiseKit/Foundation (= 6.17.0)
    - PromiseKit/UIKit (= 6.17.0)
  - PromiseKit/CorePromise (6.17.0)
  - PromiseKit/Foundation (6.17.0):
    - PromiseKit/CorePromise
  - PromiseKit/UIKit (6.17.0):
    - PromiseKit/CorePromise
  - SDWebImage (5.12.5):
    - SDWebImage/Core (= 5.12.5)
  - SDWebImage/Core (5.12.5)
  - SwiftyJSON (5.0.1)

DEPENDENCIES:
  - Alamofire
  - FontAwesome.swift
  - PromiseKit
  - SDWebImage
  - SwiftyJSON

SPEC REPOS:
  trunk:
    - Alamofire
    - FontAwesome.swift
    - PromiseKit
    - SDWebImage
    - SwiftyJSON

SPEC CHECKSUMS:
  Alamofire: 1c4fb5369c3fe93d2857c780d8bbe09f06f97e7c
  FontAwesome.swift: 6b52cb7be66eacd28cbfaa0ca7ffd0de4a186a1d
  PromiseKit: 996202d4cae72b7801b312abef4cd2f995b2978a
  SDWebImage: 0905f1b7760fc8ac4198cae0036600d67478751e
  SwiftyJSON: 2f33a42c6fbc52764d96f13368585094bfd8aa5e

PODFILE CHECKSUM: 62468bd2a35d80c23e6d14c25f9d8d05164a66b4

COCOAPODS: 1.10.1
