// !$*UTF8*$!
{
	archiveVersion = 1;
	classes = {
	};
	objectVersion = 48;
	objects = {

/* Begin PBXBuildFile section */
		1005A6D3698C8EE6236BB876 /* Pods_InteractiveUISample.framework in Frameworks */ = {isa = PBXBuildFile; fileRef = 0498819E4D2D94EFBDF29869 /* Pods_InteractiveUISample.framework */; };
		DE6FE3EB1FC131A3006284CD /* APIRequestManager.swift in Sources */ = {isa = PBXBuildFile; fileRef = DE6FE3EA1FC131A3006284CD /* APIRequestManager.swift */; };
		DE6FE3ED1FC1496F006284CD /* ArticlePresenter.swift in Sources */ = {isa = PBXBuildFile; fileRef = DE6FE3EC1FC1496F006284CD /* ArticlePresenter.swift */; };
		DE6FE4001FC1724F006284CD /* Story.storyboard in Resources */ = {isa = PBXBuildFile; fileRef = DE6FE3FF1FC1724F006284CD /* Story.storyboard */; };
		DE6FE4051FC17326006284CD /* StoryViewController.swift in Sources */ = {isa = PBXBuildFile; fileRef = DE6FE4041FC17326006284CD /* StoryViewController.swift */; };
		DE6FE4071FC17339006284CD /* StoryDetailViewController.swift in Sources */ = {isa = PBXBuildFile; fileRef = DE6FE4061FC17339006284CD /* StoryDetailViewController.swift */; };
		DE6FE4091FC1802F006284CD /* StoryPageViewController.swift in Sources */ = {isa = PBXBuildFile; fileRef = DE6FE4081FC1802F006284CD /* StoryPageViewController.swift */; };
		DEA20FDA1FB824AB0003BD84 /* AppDelegate.swift in Sources */ = {isa = PBXBuildFile; fileRef = DEA20FD91FB824AB0003BD84 /* AppDelegate.swift */; };
		DEA20FDC1FB824AB0003BD84 /* MainViewController.swift in Sources */ = {isa = PBXBuildFile; fileRef = DEA20FDB1FB824AB0003BD84 /* MainViewController.swift */; };
		DEA20FDF1FB824AB0003BD84 /* Main.storyboard in Resources */ = {isa = PBXBuildFile; fileRef = DEA20FDD1FB824AB0003BD84 /* Main.storyboard */; };
		DEA20FE11FB824AB0003BD84 /* Assets.xcassets in Resources */ = {isa = PBXBuildFile; fileRef = DEA20FE01FB824AB0003BD84 /* Assets.xcassets */; };
		DEA20FE41FB824AB0003BD84 /* LaunchScreen.storyboard in Resources */ = {isa = PBXBuildFile; fileRef = DEA20FE21FB824AB0003BD84 /* LaunchScreen.storyboard */; };
		DEA20FEF1FB824AB0003BD84 /* InteractiveUISampleTests.swift in Sources */ = {isa = PBXBuildFile; fileRef = DEA20FEE1FB824AB0003BD84 /* InteractiveUISampleTests.swift */; };
		DEA20FFA1FB824AB0003BD84 /* InteractiveUISampleUITests.swift in Sources */ = {isa = PBXBuildFile; fileRef = DEA20FF91FB824AB0003BD84 /* InteractiveUISampleUITests.swift */; };
		DEA210141FB9D6C00003BD84 /* NSObjectProtocolExtension.swift in Sources */ = {isa = PBXBuildFile; fileRef = DEA210131FB9D6C00003BD84 /* NSObjectProtocolExtension.swift */; };
		DEA210161FB9D6F60003BD84 /* UIColorExtension.swift in Sources */ = {isa = PBXBuildFile; fileRef = DEA210151FB9D6F60003BD84 /* UIColorExtension.swift */; };
		DEA2101A1FB9D76F0003BD84 /* UITableViewExtension.swift in Sources */ = {isa = PBXBuildFile; fileRef = DEA210191FB9D76F0003BD84 /* UITableViewExtension.swift */; };
		DEA2101C1FB9D7CC0003BD84 /* CustomViewBase.swift in Sources */ = {isa = PBXBuildFile; fileRef = DEA2101B1FB9D7CC0003BD84 /* CustomViewBase.swift */; };
		DEA210201FB9DCD50003BD84 /* ColorDefinition.swift in Sources */ = {isa = PBXBuildFile; fileRef = DEA2101F1FB9DCD50003BD84 /* ColorDefinition.swift */; };
		DEA210231FB9E1010003BD84 /* GradientHeaderView.xib in Resources */ = {isa = PBXBuildFile; fileRef = DEA210221FB9E1010003BD84 /* GradientHeaderView.xib */; };
		DEA210251FB9E19E0003BD84 /* ArticleHeaderView.swift in Sources */ = {isa = PBXBuildFile; fileRef = DEA210241FB9E19E0003BD84 /* ArticleHeaderView.swift */; };
		DEA210291FB9E34F0003BD84 /* GradientHeaderView.swift in Sources */ = {isa = PBXBuildFile; fileRef = DEA210281FB9E34F0003BD84 /* GradientHeaderView.swift */; };
		DEA210651FBA58690003BD84 /* MainListViewController.swift in Sources */ = {isa = PBXBuildFile; fileRef = DEA210641FBA58690003BD84 /* MainListViewController.swift */; };
		DEA210671FBA5C790003BD84 /* MainActivityViewController.swift in Sources */ = {isa = PBXBuildFile; fileRef = DEA210661FBA5C790003BD84 /* MainActivityViewController.swift */; };
		DEA2106B1FBA60AB0003BD84 /* Article.storyboard in Resources */ = {isa = PBXBuildFile; fileRef = DEA2106A1FBA60AB0003BD84 /* Article.storyboard */; };
		DEA210711FBA699A0003BD84 /* ArticleViewController.swift in Sources */ = {isa = PBXBuildFile; fileRef = DEA210701FBA699A0003BD84 /* ArticleViewController.swift */; };
		DEA210751FBAA5470003BD84 /* ArticleDescriptionTableViewCell.swift in Sources */ = {isa = PBXBuildFile; fileRef = DEA210731FBAA5470003BD84 /* ArticleDescriptionTableViewCell.swift */; };
		DEA210761FBAA5470003BD84 /* ArticleDescriptionTableViewCell.xib in Resources */ = {isa = PBXBuildFile; fileRef = DEA210741FBAA5470003BD84 /* ArticleDescriptionTableViewCell.xib */; };
		DEA2107F1FBAA65A0003BD84 /* ArticleSummaryTableViewCell.swift in Sources */ = {isa = PBXBuildFile; fileRef = DEA2107D1FBAA65A0003BD84 /* ArticleSummaryTableViewCell.swift */; };
		DEA210801FBAA65A0003BD84 /* ArticleSummaryTableViewCell.xib in Resources */ = {isa = PBXBuildFile; fileRef = DEA2107E1FBAA65A0003BD84 /* ArticleSummaryTableViewCell.xib */; };
		DEA210841FBAA69D0003BD84 /* MainListTableViewCell.swift in Sources */ = {isa = PBXBuildFile; fileRef = DEA210821FBAA69D0003BD84 /* MainListTableViewCell.swift */; };
		DEA210851FBAA69D0003BD84 /* MainListTableViewCell.xib in Resources */ = {isa = PBXBuildFile; fileRef = DEA210831FBAA69D0003BD84 /* MainListTableViewCell.xib */; };
		DEA210871FBD7F7D0003BD84 /* AppConstants.swift in Sources */ = {isa = PBXBuildFile; fileRef = DEA210861FBD7F7C0003BD84 /* AppConstants.swift */; };
		DECCA2D31FBFDD8A00B2C470 /* MainListPresenter.swift in Sources */ = {isa = PBXBuildFile; fileRef = DECCA2D21FBFDD8A00B2C470 /* MainListPresenter.swift */; };
		DECCA2D71FBFFDEC00B2C470 /* SampleTableViewCell.swift in Sources */ = {isa = PBXBuildFile; fileRef = DECCA2D51FBFFDEC00B2C470 /* SampleTableViewCell.swift */; };
		DECCA2D81FBFFDEC00B2C470 /* SampleTableViewCell.xib in Resources */ = {isa = PBXBuildFile; fileRef = DECCA2D61FBFFDEC00B2C470 /* SampleTableViewCell.xib */; };
		DECCA2DA1FC00A7E00B2C470 /* ArticleCustomTransition.swift in Sources */ = {isa = PBXBuildFile; fileRef = DECCA2D91FC00A7E00B2C470 /* ArticleCustomTransition.swift */; };
		DECCA2DC1FC027F400B2C470 /* DeviceSize.swift in Sources */ = {isa = PBXBuildFile; fileRef = DECCA2DB1FC027F400B2C470 /* DeviceSize.swift */; };
		DECCA2DE1FC07A7F00B2C470 /* Article.swift in Sources */ = {isa = PBXBuildFile; fileRef = DECCA2DD1FC07A7F00B2C470 /* Article.swift */; };
		DECCA2E11FC0809B00B2C470 /* ArticleStoryTableViewCell.swift in Sources */ = {isa = PBXBuildFile; fileRef = DECCA2DF1FC0809B00B2C470 /* ArticleStoryTableViewCell.swift */; };
		DECCA2E21FC0809B00B2C470 /* ArticleStoryTableViewCell.xib in Resources */ = {isa = PBXBuildFile; fileRef = DECCA2E01FC0809B00B2C470 /* ArticleStoryTableViewCell.xib */; };
		DECCA2E61FC097DF00B2C470 /* ArticleCounterTableViewCell.swift in Sources */ = {isa = PBXBuildFile; fileRef = DECCA2E41FC097DF00B2C470 /* ArticleCounterTableViewCell.swift */; };
		DECCA2E71FC097DF00B2C470 /* ArticleCounterTableViewCell.xib in Resources */ = {isa = PBXBuildFile; fileRef = DECCA2E51FC097DF00B2C470 /* ArticleCounterTableViewCell.xib */; };
		DECCA2E91FC09F2B00B2C470 /* CounterAnimationLabel.swift in Sources */ = {isa = PBXBuildFile; fileRef = DECCA2E81FC09F2B00B2C470 /* CounterAnimationLabel.swift */; };
/* End PBXBuildFile section */

/* Begin PBXContainerItemProxy section */
		DEA20FEB1FB824AB0003BD84 /* PBXContainerItemProxy */ = {
			isa = PBXContainerItemProxy;
			containerPortal = DEA20FCE1FB824AB0003BD84 /* Project object */;
			proxyType = 1;
			remoteGlobalIDString = DEA20FD51FB824AB0003BD84;
			remoteInfo = InteractiveUISample;
		};
		DEA20FF61FB824AB0003BD84 /* PBXContainerItemProxy */ = {
			isa = PBXContainerItemProxy;
			containerPortal = DEA20FCE1FB824AB0003BD84 /* Project object */;
			proxyType = 1;
			remoteGlobalIDString = DEA20FD51FB824AB0003BD84;
			remoteInfo = InteractiveUISample;
		};
/* End PBXContainerItemProxy section */

/* Begin PBXFileReference section */
		0498819E4D2D94EFBDF29869 /* Pods_InteractiveUISample.framework */ = {isa = PBXFileReference; explicitFileType = wrapper.framework; includeInIndex = 0; path = Pods_InteractiveUISample.framework; sourceTree = BUILT_PRODUCTS_DIR; };
		69BE0BA31974C6B88357586E /* Pods-InteractiveUISample.release.xcconfig */ = {isa = PBXFileReference; includeInIndex = 1; lastKnownFileType = text.xcconfig; name = "Pods-InteractiveUISample.release.xcconfig"; path = "Pods/Target Support Files/Pods-InteractiveUISample/Pods-InteractiveUISample.release.xcconfig"; sourceTree = "<group>"; };
		D86E614D216A15A4F785033C /* Pods-InteractiveUISample.debug.xcconfig */ = {isa = PBXFileReference; includeInIndex = 1; lastKnownFileType = text.xcconfig; name = "Pods-InteractiveUISample.debug.xcconfig"; path = "Pods/Target Support Files/Pods-InteractiveUISample/Pods-InteractiveUISample.debug.xcconfig"; sourceTree = "<group>"; };
		DE6FE3EA1FC131A3006284CD /* APIRequestManager.swift */ = {isa = PBXFileReference; lastKnownFileType = sourcecode.swift; path = APIRequestManager.swift; sourceTree = "<group>"; };
		DE6FE3EC1FC1496F006284CD /* ArticlePresenter.swift */ = {isa = PBXFileReference; lastKnownFileType = sourcecode.swift; path = ArticlePresenter.swift; sourceTree = "<group>"; };
		DE6FE3FF1FC1724F006284CD /* Story.storyboard */ = {isa = PBXFileReference; lastKnownFileType = file.storyboard; path = Story.storyboard; sourceTree = "<group>"; };
		DE6FE4041FC17326006284CD /* StoryViewController.swift */ = {isa = PBXFileReference; lastKnownFileType = sourcecode.swift; path = StoryViewController.swift; sourceTree = "<group>"; };
		DE6FE4061FC17339006284CD /* StoryDetailViewController.swift */ = {isa = PBXFileReference; lastKnownFileType = sourcecode.swift; path = StoryDetailViewController.swift; sourceTree = "<group>"; };
		DE6FE4081FC1802F006284CD /* StoryPageViewController.swift */ = {isa = PBXFileReference; lastKnownFileType = sourcecode.swift; path = StoryPageViewController.swift; sourceTree = "<group>"; };
		DEA20FD61FB824AB0003BD84 /* InteractiveUISample.app */ = {isa = PBXFileReference; explicitFileType = wrapper.application; includeInIndex = 0; path = InteractiveUISample.app; sourceTree = BUILT_PRODUCTS_DIR; };
		DEA20FD91FB824AB0003BD84 /* AppDelegate.swift */ = {isa = PBXFileReference; lastKnownFileType = sourcecode.swift; path = AppDelegate.swift; sourceTree = "<group>"; };
		DEA20FDB1FB824AB0003BD84 /* MainViewController.swift */ = {isa = PBXFileReference; lastKnownFileType = sourcecode.swift; path = MainViewController.swift; sourceTree = "<group>"; };
		DEA20FDE1FB824AB0003BD84 /* Base */ = {isa = PBXFileReference; lastKnownFileType = file.storyboard; name = Base; path = Base.lproj/Main.storyboard; sourceTree = "<group>"; };
		DEA20FE01FB824AB0003BD84 /* Assets.xcassets */ = {isa = PBXFileReference; lastKnownFileType = folder.assetcatalog; path = Assets.xcassets; sourceTree = "<group>"; };
		DEA20FE31FB824AB0003BD84 /* Base */ = {isa = PBXFileReference; lastKnownFileType = file.storyboard; name = Base; path = Base.lproj/LaunchScreen.storyboard; sourceTree = "<group>"; };
		DEA20FE51FB824AB0003BD84 /* Info.plist */ = {isa = PBXFileReference; lastKnownFileType = text.plist.xml; path = Info.plist; sourceTree = "<group>"; };
		DEA20FEA1FB824AB0003BD84 /* InteractiveUISampleTests.xctest */ = {isa = PBXFileReference; explicitFileType = wrapper.cfbundle; includeInIndex = 0; path = InteractiveUISampleTests.xctest; sourceTree = BUILT_PRODUCTS_DIR; };
		DEA20FEE1FB824AB0003BD84 /* InteractiveUISampleTests.swift */ = {isa = PBXFileReference; lastKnownFileType = sourcecode.swift; path = InteractiveUISampleTests.swift; sourceTree = "<group>"; };
		DEA20FF01FB824AB0003BD84 /* Info.plist */ = {isa = PBXFileReference; lastKnownFileType = text.plist.xml; path = Info.plist; sourceTree = "<group>"; };
		DEA20FF51FB824AB0003BD84 /* InteractiveUISampleUITests.xctest */ = {isa = PBXFileReference; explicitFileType = wrapper.cfbundle; includeInIndex = 0; path = InteractiveUISampleUITests.xctest; sourceTree = BUILT_PRODUCTS_DIR; };
		DEA20FF91FB824AB0003BD84 /* InteractiveUISampleUITests.swift */ = {isa = PBXFileReference; lastKnownFileType = sourcecode.swift; path = InteractiveUISampleUITests.swift; sourceTree = "<group>"; };
		DEA20FFB1FB824AB0003BD84 /* Info.plist */ = {isa = PBXFileReference; lastKnownFileType = text.plist.xml; path = Info.plist; sourceTree = "<group>"; };
		DEA210131FB9D6C00003BD84 /* NSObjectProtocolExtension.swift */ = {isa = PBXFileReference; lastKnownFileType = sourcecode.swift; path = NSObjectProtocolExtension.swift; sourceTree = "<group>"; };
		DEA210151FB9D6F60003BD84 /* UIColorExtension.swift */ = {isa = PBXFileReference; lastKnownFileType = sourcecode.swift; path = UIColorExtension.swift; sourceTree = "<group>"; };
		DEA210191FB9D76F0003BD84 /* UITableViewExtension.swift */ = {isa = PBXFileReference; lastKnownFileType = sourcecode.swift; path = UITableViewExtension.swift; sourceTree = "<group>"; };
		DEA2101B1FB9D7CC0003BD84 /* CustomViewBase.swift */ = {isa = PBXFileReference; lastKnownFileType = sourcecode.swift; path = CustomViewBase.swift; sourceTree = "<group>"; };
		DEA2101D1FB9DB430003BD84 /* InteractiveUISample-Bridging-Header.h */ = {isa = PBXFileReference; lastKnownFileType = sourcecode.c.h; path = "InteractiveUISample-Bridging-Header.h"; sourceTree = "<group>"; };
		DEA2101F1FB9DCD50003BD84 /* ColorDefinition.swift */ = {isa = PBXFileReference; lastKnownFileType = sourcecode.swift; path = ColorDefinition.swift; sourceTree = "<group>"; };
		DEA210221FB9E1010003BD84 /* GradientHeaderView.xib */ = {isa = PBXFileReference; lastKnownFileType = file.xib; path = GradientHeaderView.xib; sourceTree = "<group>"; };
		DEA210241FB9E19E0003BD84 /* ArticleHeaderView.swift */ = {isa = PBXFileReference; lastKnownFileType = sourcecode.swift; path = ArticleHeaderView.swift; sourceTree = "<group>"; };
		DEA210281FB9E34F0003BD84 /* GradientHeaderView.swift */ = {isa = PBXFileReference; lastKnownFileType = sourcecode.swift; path = GradientHeaderView.swift; sourceTree = "<group>"; };
		DEA210641FBA58690003BD84 /* MainListViewController.swift */ = {isa = PBXFileReference; lastKnownFileType = sourcecode.swift; path = MainListViewController.swift; sourceTree = "<group>"; };
		DEA210661FBA5C790003BD84 /* MainActivityViewController.swift */ = {isa = PBXFileReference; lastKnownFileType = sourcecode.swift; path = MainActivityViewController.swift; sourceTree = "<group>"; };
		DEA2106A1FBA60AB0003BD84 /* Article.storyboard */ = {isa = PBXFileReference; lastKnownFileType = file.storyboard; path = Article.storyboard; sourceTree = "<group>"; };
		DEA210701FBA699A0003BD84 /* ArticleViewController.swift */ = {isa = PBXFileReference; lastKnownFileType = sourcecode.swift; path = ArticleViewController.swift; sourceTree = "<group>"; };
		DEA210731FBAA5470003BD84 /* ArticleDescriptionTableViewCell.swift */ = {isa = PBXFileReference; lastKnownFileType = sourcecode.swift; path = ArticleDescriptionTableViewCell.swift; sourceTree = "<group>"; };
		DEA210741FBAA5470003BD84 /* ArticleDescriptionTableViewCell.xib */ = {isa = PBXFileReference; lastKnownFileType = file.xib; path = ArticleDescriptionTableViewCell.xib; sourceTree = "<group>"; };
		DEA2107D1FBAA65A0003BD84 /* ArticleSummaryTableViewCell.swift */ = {isa = PBXFileReference; lastKnownFileType = sourcecode.swift; path = ArticleSummaryTableViewCell.swift; sourceTree = "<group>"; };
		DEA2107E1FBAA65A0003BD84 /* ArticleSummaryTableViewCell.xib */ = {isa = PBXFileReference; lastKnownFileType = file.xib; path = ArticleSummaryTableViewCell.xib; sourceTree = "<group>"; };
		DEA210821FBAA69D0003BD84 /* MainListTableViewCell.swift */ = {isa = PBXFileReference; lastKnownFileType = sourcecode.swift; path = MainListTableViewCell.swift; sourceTree = "<group>"; };
		DEA210831FBAA69D0003BD84 /* MainListTableViewCell.xib */ = {isa = PBXFileReference; lastKnownFileType = file.xib; path = MainListTableViewCell.xib; sourceTree = "<group>"; };
		DEA210861FBD7F7C0003BD84 /* AppConstants.swift */ = {isa = PBXFileReference; lastKnownFileType = sourcecode.swift; path = AppConstants.swift; sourceTree = "<group>"; };
		DECCA2D21FBFDD8A00B2C470 /* MainListPresenter.swift */ = {isa = PBXFileReference; lastKnownFileType = sourcecode.swift; path = MainListPresenter.swift; sourceTree = "<group>"; };
		DECCA2D51FBFFDEC00B2C470 /* SampleTableViewCell.swift */ = {isa = PBXFileReference; lastKnownFileType = sourcecode.swift; path = SampleTableViewCell.swift; sourceTree = "<group>"; };
		DECCA2D61FBFFDEC00B2C470 /* SampleTableViewCell.xib */ = {isa = PBXFileReference; lastKnownFileType = file.xib; path = SampleTableViewCell.xib; sourceTree = "<group>"; };
		DECCA2D91FC00A7E00B2C470 /* ArticleCustomTransition.swift */ = {isa = PBXFileReference; lastKnownFileType = sourcecode.swift; path = ArticleCustomTransition.swift; sourceTree = "<group>"; };
		DECCA2DB1FC027F400B2C470 /* DeviceSize.swift */ = {isa = PBXFileReference; lastKnownFileType = sourcecode.swift; path = DeviceSize.swift; sourceTree = "<group>"; };
		DECCA2DD1FC07A7F00B2C470 /* Article.swift */ = {isa = PBXFileReference; lastKnownFileType = sourcecode.swift; path = Article.swift; sourceTree = "<group>"; };
		DECCA2DF1FC0809B00B2C470 /* ArticleStoryTableViewCell.swift */ = {isa = PBXFileReference; lastKnownFileType = sourcecode.swift; path = ArticleStoryTableViewCell.swift; sourceTree = "<group>"; };
		DECCA2E01FC0809B00B2C470 /* ArticleStoryTableViewCell.xib */ = {isa = PBXFileReference; lastKnownFileType = file.xib; path = ArticleStoryTableViewCell.xib; sourceTree = "<group>"; };
		DECCA2E41FC097DF00B2C470 /* ArticleCounterTableViewCell.swift */ = {isa = PBXFileReference; lastKnownFileType = sourcecode.swift; path = ArticleCounterTableViewCell.swift; sourceTree = "<group>"; };
		DECCA2E51FC097DF00B2C470 /* ArticleCounterTableViewCell.xib */ = {isa = PBXFileReference; lastKnownFileType = file.xib; path = ArticleCounterTableViewCell.xib; sourceTree = "<group>"; };
		DECCA2E81FC09F2B00B2C470 /* CounterAnimationLabel.swift */ = {isa = PBXFileReference; lastKnownFileType = sourcecode.swift; path = CounterAnimationLabel.swift; sourceTree = "<group>"; };
/* End PBXFileReference section */

/* Begin PBXFrameworksBuildPhase section */
		DEA20FD31FB824AB0003BD84 /* Frameworks */ = {
			isa = PBXFrameworksBuildPhase;
			buildActionMask = 2147483647;
			files = (
				1005A6D3698C8EE6236BB876 /* Pods_InteractiveUISample.framework in Frameworks */,
			);
			runOnlyForDeploymentPostprocessing = 0;
		};
		DEA20FE71FB824AB0003BD84 /* Frameworks */ = {
			isa = PBXFrameworksBuildPhase;
			buildActionMask = 2147483647;
			files = (
			);
			runOnlyForDeploymentPostprocessing = 0;
		};
		DEA20FF21FB824AB0003BD84 /* Frameworks */ = {
			isa = PBXFrameworksBuildPhase;
			buildActionMask = 2147483647;
			files = (
			);
			runOnlyForDeploymentPostprocessing = 0;
		};
/* End PBXFrameworksBuildPhase section */

/* Begin PBXGroup section */
		40A73A83E42585DA74423DAB /* Frameworks */ = {
			isa = PBXGroup;
			children = (
				0498819E4D2D94EFBDF29869 /* Pods_InteractiveUISample.framework */,
			);
			name = Frameworks;
			sourceTree = "<group>";
		};
		8F2933AF3757693926133F82 /* Pods */ = {
			isa = PBXGroup;
			children = (
				D86E614D216A15A4F785033C /* Pods-InteractiveUISample.debug.xcconfig */,
				69BE0BA31974C6B88357586E /* Pods-InteractiveUISample.release.xcconfig */,
			);
			name = Pods;
			sourceTree = "<group>";
		};
		DE6FE4011FC172DE006284CD /* Story */ = {
			isa = PBXGroup;
			children = (
				DE6FE4061FC17339006284CD /* StoryDetailViewController.swift */,
				DE6FE4041FC17326006284CD /* StoryViewController.swift */,
				DE6FE4081FC1802F006284CD /* StoryPageViewController.swift */,
			);
			path = Story;
			sourceTree = "<group>";
		};
		DEA20FCD1FB824AB0003BD84 = {
			isa = PBXGroup;
			children = (
				DEA20FD81FB824AB0003BD84 /* InteractiveUISample */,
				DEA20FED1FB824AB0003BD84 /* InteractiveUISampleTests */,
				DEA20FF81FB824AB0003BD84 /* InteractiveUISampleUITests */,
				DEA20FD71FB824AB0003BD84 /* Products */,
				8F2933AF3757693926133F82 /* Pods */,
				40A73A83E42585DA74423DAB /* Frameworks */,
			);
			sourceTree = "<group>";
		};
		DEA20FD71FB824AB0003BD84 /* Products */ = {
			isa = PBXGroup;
			children = (
				DEA20FD61FB824AB0003BD84 /* InteractiveUISample.app */,
				DEA20FEA1FB824AB0003BD84 /* InteractiveUISampleTests.xctest */,
				DEA20FF51FB824AB0003BD84 /* InteractiveUISampleUITests.xctest */,
			);
			name = Products;
			sourceTree = "<group>";
		};
		DEA20FD81FB824AB0003BD84 /* InteractiveUISample */ = {
			isa = PBXGroup;
			children = (
				DEA20FD91FB824AB0003BD84 /* AppDelegate.swift */,
				DEA20FE51FB824AB0003BD84 /* Info.plist */,
				DEA20FE21FB824AB0003BD84 /* LaunchScreen.storyboard */,
				DEA2101D1FB9DB430003BD84 /* InteractiveUISample-Bridging-Header.h */,
				DECCA2EC1FC128F500B2C470 /* AssetFiles */,
				DEA20FE01FB824AB0003BD84 /* Assets.xcassets */,
				DEA210271FB9E1D10003BD84 /* BaseClass */,
				DEA210081FB9D46E0003BD84 /* Component */,
				DEA2101E1FB9DB960003BD84 /* Constant */,
				DEA210101FB9D65F0003BD84 /* Enum */,
				DEA2100A1FB9D5220003BD84 /* Extension */,
				DEA2100F1FB9D64E0003BD84 /* Model */,
				DEA2100E1FB9D6480003BD84 /* Module */,
				DEA210121FB9D6820003BD84 /* Presenter */,
				DEA210091FB9D47A0003BD84 /* Storyboard */,
				DEA210071FB9D3370003BD84 /* ViewController */,
			);
			path = InteractiveUISample;
			sourceTree = "<group>";
		};
		DEA20FED1FB824AB0003BD84 /* InteractiveUISampleTests */ = {
			isa = PBXGroup;
			children = (
				DEA20FEE1FB824AB0003BD84 /* InteractiveUISampleTests.swift */,
				DEA20FF01FB824AB0003BD84 /* Info.plist */,
			);
			path = InteractiveUISampleTests;
			sourceTree = "<group>";
		};
		DEA20FF81FB824AB0003BD84 /* InteractiveUISampleUITests */ = {
			isa = PBXGroup;
			children = (
				DEA20FF91FB824AB0003BD84 /* InteractiveUISampleUITests.swift */,
				DEA20FFB1FB824AB0003BD84 /* Info.plist */,
			);
			path = InteractiveUISampleUITests;
			sourceTree = "<group>";
		};
		DEA210071FB9D3370003BD84 /* ViewController */ = {
			isa = PBXGroup;
			children = (
				DE6FE4011FC172DE006284CD /* Story */,
				DEA2106D1FBA61110003BD84 /* Article */,
				DEA2106C1FBA60FF0003BD84 /* Main */,
			);
			path = ViewController;
			sourceTree = "<group>";
		};
		DEA210081FB9D46E0003BD84 /* Component */ = {
			isa = PBXGroup;
			children = (
				DECCA2E31FC097B600B2C470 /* ArticleCounterTableViewCell */,
				DEA210721FBAA3A00003BD84 /* ArticleDescriptionTableViewCell */,
				DEA2100D1FB9D61B0003BD84 /* ArticleHeaderView */,
				DEA210771FBAA5590003BD84 /* ArticleStoryTableViewCell */,
				DEA210781FBAA5DD0003BD84 /* ArticleSummaryTableViewCell */,
				DEA210211FB9E0E50003BD84 /* GradientHeaderView */,
				DEA210811FBAA6850003BD84 /* MainListTableViewCell */,
				DECCA2D51FBFFDEC00B2C470 /* SampleTableViewCell.swift */,
				DECCA2D61FBFFDEC00B2C470 /* SampleTableViewCell.xib */,
			);
			path = Component;
			sourceTree = "<group>";
		};
		DEA210091FB9D47A0003BD84 /* Storyboard */ = {
			isa = PBXGroup;
			children = (
				DEA20FDD1FB824AB0003BD84 /* Main.storyboard */,
				DEA2106A1FBA60AB0003BD84 /* Article.storyboard */,
				DE6FE3FF1FC1724F006284CD /* Story.storyboard */,
			);
			path = Storyboard;
			sourceTree = "<group>";
		};
		DEA2100A1FB9D5220003BD84 /* Extension */ = {
			isa = PBXGroup;
			children = (
				DEA210131FB9D6C00003BD84 /* NSObjectProtocolExtension.swift */,
				DEA210151FB9D6F60003BD84 /* UIColorExtension.swift */,
				DEA210191FB9D76F0003BD84 /* UITableViewExtension.swift */,
			);
			path = Extension;
			sourceTree = "<group>";
		};
		DEA2100D1FB9D61B0003BD84 /* ArticleHeaderView */ = {
			isa = PBXGroup;
			children = (
				DEA210241FB9E19E0003BD84 /* ArticleHeaderView.swift */,
			);
			path = ArticleHeaderView;
			sourceTree = "<group>";
		};
		DEA2100E1FB9D6480003BD84 /* Module */ = {
			isa = PBXGroup;
			children = (
				DE6FE3EA1FC131A3006284CD /* APIRequestManager.swift */,
				DECCA2DB1FC027F400B2C470 /* DeviceSize.swift */,
			);
			path = Module;
			sourceTree = "<group>";
		};
		DEA2100F1FB9D64E0003BD84 /* Model */ = {
			isa = PBXGroup;
			children = (
				DECCA2DD1FC07A7F00B2C470 /* Article.swift */,
			);
			path = Model;
			sourceTree = "<group>";
		};
		DEA210101FB9D65F0003BD84 /* Enum */ = {
			isa = PBXGroup;
			children = (
				DEA2101F1FB9DCD50003BD84 /* ColorDefinition.swift */,
			);
			path = Enum;
			sourceTree = "<group>";
		};
		DEA210121FB9D6820003BD84 /* Presenter */ = {
			isa = PBXGroup;
			children = (
				DE6FE3EC1FC1496F006284CD /* ArticlePresenter.swift */,
				DECCA2D21FBFDD8A00B2C470 /* MainListPresenter.swift */,
			);
			path = Presenter;
			sourceTree = "<group>";
		};
		DEA2101E1FB9DB960003BD84 /* Constant */ = {
			isa = PBXGroup;
			children = (
				DEA210861FBD7F7C0003BD84 /* AppConstants.swift */,
			);
			path = Constant;
			sourceTree = "<group>";
		};
		DEA210211FB9E0E50003BD84 /* GradientHeaderView */ = {
			isa = PBXGroup;
			children = (
				DEA210281FB9E34F0003BD84 /* GradientHeaderView.swift */,
				DEA210221FB9E1010003BD84 /* GradientHeaderView.xib */,
			);
			path = GradientHeaderView;
			sourceTree = "<group>";
		};
		DEA210271FB9E1D10003BD84 /* BaseClass */ = {
			isa = PBXGroup;
			children = (
				DECCA2D91FC00A7E00B2C470 /* ArticleCustomTransition.swift */,
				DECCA2E81FC09F2B00B2C470 /* CounterAnimationLabel.swift */,
				DEA2101B1FB9D7CC0003BD84 /* CustomViewBase.swift */,
			);
			path = BaseClass;
			sourceTree = "<group>";
		};
		DEA2106C1FBA60FF0003BD84 /* Main */ = {
			isa = PBXGroup;
			children = (
				DEA20FDB1FB824AB0003BD84 /* MainViewController.swift */,
				DEA210641FBA58690003BD84 /* MainListViewController.swift */,
				DEA210661FBA5C790003BD84 /* MainActivityViewController.swift */,
			);
			path = Main;
			sourceTree = "<group>";
		};
		DEA2106D1FBA61110003BD84 /* Article */ = {
			isa = PBXGroup;
			children = (
				DEA210701FBA699A0003BD84 /* ArticleViewController.swift */,
			);
			path = Article;
			sourceTree = "<group>";
		};
		DEA210721FBAA3A00003BD84 /* ArticleDescriptionTableViewCell */ = {
			isa = PBXGroup;
			children = (
				DEA210731FBAA5470003BD84 /* ArticleDescriptionTableViewCell.swift */,
				DEA210741FBAA5470003BD84 /* ArticleDescriptionTableViewCell.xib */,
			);
			path = ArticleDescriptionTableViewCell;
			sourceTree = "<group>";
		};
		DEA210771FBAA5590003BD84 /* ArticleStoryTableViewCell */ = {
			isa = PBXGroup;
			children = (
				DECCA2DF1FC0809B00B2C470 /* ArticleStoryTableViewCell.swift */,
				DECCA2E01FC0809B00B2C470 /* ArticleStoryTableViewCell.xib */,
			);
			path = ArticleStoryTableViewCell;
			sourceTree = "<group>";
		};
		DEA210781FBAA5DD0003BD84 /* ArticleSummaryTableViewCell */ = {
			isa = PBXGroup;
			children = (
				DEA2107D1FBAA65A0003BD84 /* ArticleSummaryTableViewCell.swift */,
				DEA2107E1FBAA65A0003BD84 /* ArticleSummaryTableViewCell.xib */,
			);
			path = ArticleSummaryTableViewCell;
			sourceTree = "<group>";
		};
		DEA210811FBAA6850003BD84 /* MainListTableViewCell */ = {
			isa = PBXGroup;
			children = (
				DEA210821FBAA69D0003BD84 /* MainListTableViewCell.swift */,
				DEA210831FBAA69D0003BD84 /* MainListTableViewCell.xib */,
			);
			path = MainListTableViewCell;
			sourceTree = "<group>";
		};
		DECCA2E31FC097B600B2C470 /* ArticleCounterTableViewCell */ = {
			isa = PBXGroup;
			children = (
				DECCA2E41FC097DF00B2C470 /* ArticleCounterTableViewCell.swift */,
				DECCA2E51FC097DF00B2C470 /* ArticleCounterTableViewCell.xib */,
			);
			path = ArticleCounterTableViewCell;
			sourceTree = "<group>";
		};
		DECCA2EC1FC128F500B2C470 /* AssetFiles */ = {
			isa = PBXGroup;
			children = (
			);
			path = AssetFiles;
			sourceTree = "<group>";
		};
/* End PBXGroup section */

/* Begin PBXNativeTarget section */
		DEA20FD51FB824AB0003BD84 /* InteractiveUISample */ = {
			isa = PBXNativeTarget;
			buildConfigurationList = DEA20FFE1FB824AB0003BD84 /* Build configuration list for PBXNativeTarget "InteractiveUISample" */;
			buildPhases = (
				BD1435643963E72BE2016558 /* [CP] Check Pods Manifest.lock */,
				DEA20FD21FB824AB0003BD84 /* Sources */,
				DEA20FD31FB824AB0003BD84 /* Frameworks */,
				DEA20FD41FB824AB0003BD84 /* Resources */,
				F4D146402B02A8C9E67B3F60 /* [CP] Embed Pods Frameworks */,
				51E55B9AFFC92FA8D13E85F0 /* [CP] Copy Pods Resources */,
			);
			buildRules = (
			);
			dependencies = (
			);
			name = InteractiveUISample;
			productName = InteractiveUISample;
			productReference = DEA20FD61FB824AB0003BD84 /* InteractiveUISample.app */;
			productType = "com.apple.product-type.application";
		};
		DEA20FE91FB824AB0003BD84 /* InteractiveUISampleTests */ = {
			isa = PBXNativeTarget;
			buildConfigurationList = DEA210011FB824AB0003BD84 /* Build configuration list for PBXNativeTarget "InteractiveUISampleTests" */;
			buildPhases = (
				DEA20FE61FB824AB0003BD84 /* Sources */,
				DEA20FE71FB824AB0003BD84 /* Frameworks */,
				DEA20FE81FB824AB0003BD84 /* Resources */,
			);
			buildRules = (
			);
			dependencies = (
				DEA20FEC1FB824AB0003BD84 /* PBXTargetDependency */,
			);
			name = InteractiveUISampleTests;
			productName = InteractiveUISampleTests;
			productReference = DEA20FEA1FB824AB0003BD84 /* InteractiveUISampleTests.xctest */;
			productType = "com.apple.product-type.bundle.unit-test";
		};
		DEA20FF41FB824AB0003BD84 /* InteractiveUISampleUITests */ = {
			isa = PBXNativeTarget;
			buildConfigurationList = DEA210041FB824AB0003BD84 /* Build configuration list for PBXNativeTarget "InteractiveUISampleUITests" */;
			buildPhases = (
				DEA20FF11FB824AB0003BD84 /* Sources */,
				DEA20FF21FB824AB0003BD84 /* Frameworks */,
				DEA20FF31FB824AB0003BD84 /* Resources */,
			);
			buildRules = (
			);
			dependencies = (
				DEA20FF71FB824AB0003BD84 /* PBXTargetDependency */,
			);
			name = InteractiveUISampleUITests;
			productName = InteractiveUISampleUITests;
			productReference = DEA20FF51FB824AB0003BD84 /* InteractiveUISampleUITests.xctest */;
			productType = "com.apple.product-type.bundle.ui-testing";
		};
/* End PBXNativeTarget section */

/* Begin PBXProject section */
		DEA20FCE1FB824AB0003BD84 /* Project object */ = {
			isa = PBXProject;
			attributes = {
				LastSwiftUpdateCheck = 0910;
				LastUpgradeCheck = 0910;
				ORGANIZATIONNAME = "酒井文也";
				TargetAttributes = {
					DEA20FD51FB824AB0003BD84 = {
						CreatedOnToolsVersion = 9.1;
						ProvisioningStyle = Automatic;
					};
					DEA20FE91FB824AB0003BD84 = {
						CreatedOnToolsVersion = 9.1;
						ProvisioningStyle = Automatic;
						TestTargetID = DEA20FD51FB824AB0003BD84;
					};
					DEA20FF41FB824AB0003BD84 = {
						CreatedOnToolsVersion = 9.1;
						ProvisioningStyle = Automatic;
						TestTargetID = DEA20FD51FB824AB0003BD84;
					};
				};
			};
			buildConfigurationList = DEA20FD11FB824AB0003BD84 /* Build configuration list for PBXProject "InteractiveUISample" */;
			compatibilityVersion = "Xcode 8.0";
			developmentRegion = en;
			hasScannedForEncodings = 0;
			knownRegions = (
				en,
				Base,
			);
			mainGroup = DEA20FCD1FB824AB0003BD84;
			productRefGroup = DEA20FD71FB824AB0003BD84 /* Products */;
			projectDirPath = "";
			projectRoot = "";
			targets = (
				DEA20FD51FB824AB0003BD84 /* InteractiveUISample */,
				DEA20FE91FB824AB0003BD84 /* InteractiveUISampleTests */,
				DEA20FF41FB824AB0003BD84 /* InteractiveUISampleUITests */,
			);
		};
/* End PBXProject section */

/* Begin PBXResourcesBuildPhase section */
		DEA20FD41FB824AB0003BD84 /* Resources */ = {
			isa = PBXResourcesBuildPhase;
			buildActionMask = 2147483647;
			files = (
				DE6FE4001FC1724F006284CD /* Story.storyboard in Resources */,
				DEA20FE41FB824AB0003BD84 /* LaunchScreen.storyboard in Resources */,
				DECCA2D81FBFFDEC00B2C470 /* SampleTableViewCell.xib in Resources */,
				DEA210231FB9E1010003BD84 /* GradientHeaderView.xib in Resources */,
				DEA210851FBAA69D0003BD84 /* MainListTableViewCell.xib in Resources */,
				DEA20FE11FB824AB0003BD84 /* Assets.xcassets in Resources */,
				DEA210761FBAA5470003BD84 /* ArticleDescriptionTableViewCell.xib in Resources */,
				DEA2106B1FBA60AB0003BD84 /* Article.storyboard in Resources */,
				DEA210801FBAA65A0003BD84 /* ArticleSummaryTableViewCell.xib in Resources */,
				DECCA2E21FC0809B00B2C470 /* ArticleStoryTableViewCell.xib in Resources */,
				DECCA2E71FC097DF00B2C470 /* ArticleCounterTableViewCell.xib in Resources */,
				DEA20FDF1FB824AB0003BD84 /* Main.storyboard in Resources */,
			);
			runOnlyForDeploymentPostprocessing = 0;
		};
		DEA20FE81FB824AB0003BD84 /* Resources */ = {
			isa = PBXResourcesBuildPhase;
			buildActionMask = 2147483647;
			files = (
			);
			runOnlyForDeploymentPostprocessing = 0;
		};
		DEA20FF31FB824AB0003BD84 /* Resources */ = {
			isa = PBXResourcesBuildPhase;
			buildActionMask = 2147483647;
			files = (
			);
			runOnlyForDeploymentPostprocessing = 0;
		};
/* End PBXResourcesBuildPhase section */

/* Begin PBXShellScriptBuildPhase section */
		51E55B9AFFC92FA8D13E85F0 /* [CP] Copy Pods Resources */ = {
			isa = PBXShellScriptBuildPhase;
			buildActionMask = 2147483647;
			files = (
			);
			inputPaths = (
			);
			name = "[CP] Copy Pods Resources";
			outputPaths = (
			);
			runOnlyForDeploymentPostprocessing = 0;
			shellPath = /bin/sh;
			shellScript = "\"${SRCROOT}/Pods/Target Support Files/Pods-InteractiveUISample/Pods-InteractiveUISample-resources.sh\"\n";
			showEnvVarsInLog = 0;
		};
		BD1435643963E72BE2016558 /* [CP] Check Pods Manifest.lock */ = {
			isa = PBXShellScriptBuildPhase;
			buildActionMask = 2147483647;
			files = (
			);
			inputPaths = (
				"${PODS_PODFILE_DIR_PATH}/Podfile.lock",
				"${PODS_ROOT}/Manifest.lock",
			);
			name = "[CP] Check Pods Manifest.lock";
			outputPaths = (
				"$(DERIVED_FILE_DIR)/Pods-InteractiveUISample-checkManifestLockResult.txt",
			);
			runOnlyForDeploymentPostprocessing = 0;
			shellPath = /bin/sh;
			shellScript = "diff \"${PODS_PODFILE_DIR_PATH}/Podfile.lock\" \"${PODS_ROOT}/Manifest.lock\" > /dev/null\nif [ $? != 0 ] ; then\n    # print error to STDERR\n    echo \"error: The sandbox is not in sync with the Podfile.lock. Run 'pod install' or update your CocoaPods installation.\" >&2\n    exit 1\nfi\n# This output is used by Xcode 'outputs' to avoid re-running this script phase.\necho \"SUCCESS\" > \"${SCRIPT_OUTPUT_FILE_0}\"\n";
			showEnvVarsInLog = 0;
		};
		F4D146402B02A8C9E67B3F60 /* [CP] Embed Pods Frameworks */ = {
			isa = PBXShellScriptBuildPhase;
			buildActionMask = 2147483647;
			files = (
			);
			inputPaths = (
				"${SRCROOT}/Pods/Target Support Files/Pods-InteractiveUISample/Pods-InteractiveUISample-frameworks.sh",
				"${BUILT_PRODUCTS_DIR}/Alamofire/Alamofire.framework",
				"${BUILT_PRODUCTS_DIR}/FontAwesome.swift/FontAwesome_swift.framework",
				"${BUILT_PRODUCTS_DIR}/SDWebImage/SDWebImage.framework",
				"${BUILT_PRODUCTS_DIR}/SwiftyJSON/SwiftyJSON.framework",
			);
			name = "[CP] Embed Pods Frameworks";
			outputPaths = (
				"${TARGET_BUILD_DIR}/${FRAMEWORKS_FOLDER_PATH}/Alamofire.framework",
				"${TARGET_BUILD_DIR}/${FRAMEWORKS_FOLDER_PATH}/FontAwesome_swift.framework",
				"${TARGET_BUILD_DIR}/${FRAMEWORKS_FOLDER_PATH}/SDWebImage.framework",
				"${TARGET_BUILD_DIR}/${FRAMEWORKS_FOLDER_PATH}/SwiftyJSON.framework",
			);
			runOnlyForDeploymentPostprocessing = 0;
			shellPath = /bin/sh;
			shellScript = "\"${SRCROOT}/Pods/Target Support Files/Pods-InteractiveUISample/Pods-InteractiveUISample-frameworks.sh\"\n";
			showEnvVarsInLog = 0;
		};
/* End PBXShellScriptBuildPhase section */

/* Begin PBXSourcesBuildPhase section */
		DEA20FD21FB824AB0003BD84 /* Sources */ = {
			isa = PBXSourcesBuildPhase;
			buildActionMask = 2147483647;
			files = (
				DECCA2E61FC097DF00B2C470 /* ArticleCounterTableViewCell.swift in Sources */,
				DECCA2DE1FC07A7F00B2C470 /* Article.swift in Sources */,
				DECCA2D31FBFDD8A00B2C470 /* MainListPresenter.swift in Sources */,
				DEA210871FBD7F7D0003BD84 /* AppConstants.swift in Sources */,
				DEA210141FB9D6C00003BD84 /* NSObjectProtocolExtension.swift in Sources */,
				DEA210751FBAA5470003BD84 /* ArticleDescriptionTableViewCell.swift in Sources */,
				DEA210711FBA699A0003BD84 /* ArticleViewController.swift in Sources */,
				DE6FE3ED1FC1496F006284CD /* ArticlePresenter.swift in Sources */,
				DEA2101A1FB9D76F0003BD84 /* UITableViewExtension.swift in Sources */,
				DEA210671FBA5C790003BD84 /* MainActivityViewController.swift in Sources */,
				DECCA2DC1FC027F400B2C470 /* DeviceSize.swift in Sources */,
				DEA210251FB9E19E0003BD84 /* ArticleHeaderView.swift in Sources */,
				DE6FE4051FC17326006284CD /* StoryViewController.swift in Sources */,
				DEA210651FBA58690003BD84 /* MainListViewController.swift in Sources */,
				DECCA2DA1FC00A7E00B2C470 /* ArticleCustomTransition.swift in Sources */,
				DE6FE4091FC1802F006284CD /* StoryPageViewController.swift in Sources */,
				DECCA2D71FBFFDEC00B2C470 /* SampleTableViewCell.swift in Sources */,
				DEA20FDC1FB824AB0003BD84 /* MainViewController.swift in Sources */,
				DEA2107F1FBAA65A0003BD84 /* ArticleSummaryTableViewCell.swift in Sources */,
				DEA210841FBAA69D0003BD84 /* MainListTableViewCell.swift in Sources */,
				DE6FE4071FC17339006284CD /* StoryDetailViewController.swift in Sources */,
				DE6FE3EB1FC131A3006284CD /* APIRequestManager.swift in Sources */,
				DECCA2E11FC0809B00B2C470 /* ArticleStoryTableViewCell.swift in Sources */,
				DEA20FDA1FB824AB0003BD84 /* AppDelegate.swift in Sources */,
				DEA2101C1FB9D7CC0003BD84 /* CustomViewBase.swift in Sources */,
				DEA210291FB9E34F0003BD84 /* GradientHeaderView.swift in Sources */,
				DEA210201FB9DCD50003BD84 /* ColorDefinition.swift in Sources */,
				DECCA2E91FC09F2B00B2C470 /* CounterAnimationLabel.swift in Sources */,
				DEA210161FB9D6F60003BD84 /* UIColorExtension.swift in Sources */,
			);
			runOnlyForDeploymentPostprocessing = 0;
		};
		DEA20FE61FB824AB0003BD84 /* Sources */ = {
			isa = PBXSourcesBuildPhase;
			buildActionMask = 2147483647;
			files = (
				DEA20FEF1FB824AB0003BD84 /* InteractiveUISampleTests.swift in Sources */,
			);
			runOnlyForDeploymentPostprocessing = 0;
		};
		DEA20FF11FB824AB0003BD84 /* Sources */ = {
			isa = PBXSourcesBuildPhase;
			buildActionMask = 2147483647;
			files = (
				DEA20FFA1FB824AB0003BD84 /* InteractiveUISampleUITests.swift in Sources */,
			);
			runOnlyForDeploymentPostprocessing = 0;
		};
/* End PBXSourcesBuildPhase section */

/* Begin PBXTargetDependency section */
		DEA20FEC1FB824AB0003BD84 /* PBXTargetDependency */ = {
			isa = PBXTargetDependency;
			target = DEA20FD51FB824AB0003BD84 /* InteractiveUISample */;
			targetProxy = DEA20FEB1FB824AB0003BD84 /* PBXContainerItemProxy */;
		};
		DEA20FF71FB824AB0003BD84 /* PBXTargetDependency */ = {
			isa = PBXTargetDependency;
			target = DEA20FD51FB824AB0003BD84 /* InteractiveUISample */;
			targetProxy = DEA20FF61FB824AB0003BD84 /* PBXContainerItemProxy */;
		};
/* End PBXTargetDependency section */

/* Begin PBXVariantGroup section */
		DEA20FDD1FB824AB0003BD84 /* Main.storyboard */ = {
			isa = PBXVariantGroup;
			children = (
				DEA20FDE1FB824AB0003BD84 /* Base */,
			);
			name = Main.storyboard;
			sourceTree = "<group>";
		};
		DEA20FE21FB824AB0003BD84 /* LaunchScreen.storyboard */ = {
			isa = PBXVariantGroup;
			children = (
				DEA20FE31FB824AB0003BD84 /* Base */,
			);
			name = LaunchScreen.storyboard;
			sourceTree = "<group>";
		};
/* End PBXVariantGroup section */

/* Begin XCBuildConfiguration section */
		DEA20FFC1FB824AB0003BD84 /* Debug */ = {
			isa = XCBuildConfiguration;
			buildSettings = {
				ALWAYS_SEARCH_USER_PATHS = NO;
				CLANG_ANALYZER_NONNULL = YES;
				CLANG_ANALYZER_NUMBER_OBJECT_CONVERSION = YES_AGGRESSIVE;
				CLANG_CXX_LANGUAGE_STANDARD = "gnu++14";
				CLANG_CXX_LIBRARY = "libc++";
				CLANG_ENABLE_MODULES = YES;
				CLANG_ENABLE_OBJC_ARC = YES;
				CLANG_WARN_BLOCK_CAPTURE_AUTORELEASING = YES;
				CLANG_WARN_BOOL_CONVERSION = YES;
				CLANG_WARN_COMMA = YES;
				CLANG_WARN_CONSTANT_CONVERSION = YES;
				CLANG_WARN_DIRECT_OBJC_ISA_USAGE = YES_ERROR;
				CLANG_WARN_DOCUMENTATION_COMMENTS = YES;
				CLANG_WARN_EMPTY_BODY = YES;
				CLANG_WARN_ENUM_CONVERSION = YES;
				CLANG_WARN_INFINITE_RECURSION = YES;
				CLANG_WARN_INT_CONVERSION = YES;
				CLANG_WARN_NON_LITERAL_NULL_CONVERSION = YES;
				CLANG_WARN_OBJC_LITERAL_CONVERSION = YES;
				CLANG_WARN_OBJC_ROOT_CLASS = YES_ERROR;
				CLANG_WARN_RANGE_LOOP_ANALYSIS = YES;
				CLANG_WARN_STRICT_PROTOTYPES = YES;
				CLANG_WARN_SUSPICIOUS_MOVE = YES;
				CLANG_WARN_UNGUARDED_AVAILABILITY = YES_AGGRESSIVE;
				CLANG_WARN_UNREACHABLE_CODE = YES;
				CLANG_WARN__DUPLICATE_METHOD_MATCH = YES;
				CODE_SIGN_IDENTITY = "iPhone Developer";
				COPY_PHASE_STRIP = NO;
				DEBUG_INFORMATION_FORMAT = dwarf;
				ENABLE_STRICT_OBJC_MSGSEND = YES;
				ENABLE_TESTABILITY = YES;
				GCC_C_LANGUAGE_STANDARD = gnu11;
				GCC_DYNAMIC_NO_PIC = NO;
				GCC_NO_COMMON_BLOCKS = YES;
				GCC_OPTIMIZATION_LEVEL = 0;
				GCC_PREPROCESSOR_DEFINITIONS = (
					"DEBUG=1",
					"$(inherited)",
				);
				GCC_WARN_64_TO_32_BIT_CONVERSION = YES;
				GCC_WARN_ABOUT_RETURN_TYPE = YES_ERROR;
				GCC_WARN_UNDECLARED_SELECTOR = YES;
				GCC_WARN_UNINITIALIZED_AUTOS = YES_AGGRESSIVE;
				GCC_WARN_UNUSED_FUNCTION = YES;
				GCC_WARN_UNUSED_VARIABLE = YES;
				IPHONEOS_DEPLOYMENT_TARGET = 11.1;
				MTL_ENABLE_DEBUG_INFO = YES;
				ONLY_ACTIVE_ARCH = YES;
				SDKROOT = iphoneos;
				SWIFT_ACTIVE_COMPILATION_CONDITIONS = DEBUG;
				SWIFT_OPTIMIZATION_LEVEL = "-Onone";
			};
			name = Debug;
		};
		DEA20FFD1FB824AB0003BD84 /* Release */ = {
			isa = XCBuildConfiguration;
			buildSettings = {
				ALWAYS_SEARCH_USER_PATHS = NO;
				CLANG_ANALYZER_NONNULL = YES;
				CLANG_ANALYZER_NUMBER_OBJECT_CONVERSION = YES_AGGRESSIVE;
				CLANG_CXX_LANGUAGE_STANDARD = "gnu++14";
				CLANG_CXX_LIBRARY = "libc++";
				CLANG_ENABLE_MODULES = YES;
				CLANG_ENABLE_OBJC_ARC = YES;
				CLANG_WARN_BLOCK_CAPTURE_AUTORELEASING = YES;
				CLANG_WARN_BOOL_CONVERSION = YES;
				CLANG_WARN_COMMA = YES;
				CLANG_WARN_CONSTANT_CONVERSION = YES;
				CLANG_WARN_DIRECT_OBJC_ISA_USAGE = YES_ERROR;
				CLANG_WARN_DOCUMENTATION_COMMENTS = YES;
				CLANG_WARN_EMPTY_BODY = YES;
				CLANG_WARN_ENUM_CONVERSION = YES;
				CLANG_WARN_INFINITE_RECURSION = YES;
				CLANG_WARN_INT_CONVERSION = YES;
				CLANG_WARN_NON_LITERAL_NULL_CONVERSION = YES;
				CLANG_WARN_OBJC_LITERAL_CONVERSION = YES;
				CLANG_WARN_OBJC_ROOT_CLASS = YES_ERROR;
				CLANG_WARN_RANGE_LOOP_ANALYSIS = YES;
				CLANG_WARN_STRICT_PROTOTYPES = YES;
				CLANG_WARN_SUSPICIOUS_MOVE = YES;
				CLANG_WARN_UNGUARDED_AVAILABILITY = YES_AGGRESSIVE;
				CLANG_WARN_UNREACHABLE_CODE = YES;
				CLANG_WARN__DUPLICATE_METHOD_MATCH = YES;
				CODE_SIGN_IDENTITY = "iPhone Developer";
				COPY_PHASE_STRIP = NO;
				DEBUG_INFORMATION_FORMAT = "dwarf-with-dsym";
				ENABLE_NS_ASSERTIONS = NO;
				ENABLE_STRICT_OBJC_MSGSEND = YES;
				GCC_C_LANGUAGE_STANDARD = gnu11;
				GCC_NO_COMMON_BLOCKS = YES;
				GCC_WARN_64_TO_32_BIT_CONVERSION = YES;
				GCC_WARN_ABOUT_RETURN_TYPE = YES_ERROR;
				GCC_WARN_UNDECLARED_SELECTOR = YES;
				GCC_WARN_UNINITIALIZED_AUTOS = YES_AGGRESSIVE;
				GCC_WARN_UNUSED_FUNCTION = YES;
				GCC_WARN_UNUSED_VARIABLE = YES;
				IPHONEOS_DEPLOYMENT_TARGET = 11.1;
				MTL_ENABLE_DEBUG_INFO = NO;
				SDKROOT = iphoneos;
				SWIFT_OPTIMIZATION_LEVEL = "-Owholemodule";
				VALIDATE_PRODUCT = YES;
			};
			name = Release;
		};
		DEA20FFF1FB824AB0003BD84 /* Debug */ = {
			isa = XCBuildConfiguration;
			baseConfigurationReference = D86E614D216A15A4F785033C /* Pods-InteractiveUISample.debug.xcconfig */;
			buildSettings = {
				ASSETCATALOG_COMPILER_APPICON_NAME = AppIcon;
				CODE_SIGN_STYLE = Automatic;
				DEVELOPMENT_TEAM = S5BF5553KY;
				INFOPLIST_FILE = InteractiveUISample/Info.plist;
				IPHONEOS_DEPLOYMENT_TARGET = 10.3;
				LD_RUNPATH_SEARCH_PATHS = "$(inherited) @executable_path/Frameworks";
				PRODUCT_BUNDLE_IDENTIFIER = com.just1factory.InteractiveUISample;
				PRODUCT_NAME = "$(TARGET_NAME)";
				SWIFT_OBJC_BRIDGING_HEADER = "/Users/sakaifumiya/Desktop/iOSApp/InteractiveUISample/InteractiveUISample/InteractiveUISample-Bridging-Header.h";
				SWIFT_VERSION = 4.0;
				TARGETED_DEVICE_FAMILY = "1,2";
			};
			name = Debug;
		};
		DEA210001FB824AB0003BD84 /* Release */ = {
			isa = XCBuildConfiguration;
			baseConfigurationReference = 69BE0BA31974C6B88357586E /* Pods-InteractiveUISample.release.xcconfig */;
			buildSettings = {
				ASSETCATALOG_COMPILER_APPICON_NAME = AppIcon;
				CODE_SIGN_STYLE = Automatic;
				DEVELOPMENT_TEAM = S5BF5553KY;
				INFOPLIST_FILE = InteractiveUISample/Info.plist;
				IPHONEOS_DEPLOYMENT_TARGET = 10.3;
				LD_RUNPATH_SEARCH_PATHS = "$(inherited) @executable_path/Frameworks";
				PRODUCT_BUNDLE_IDENTIFIER = com.just1factory.InteractiveUISample;
				PRODUCT_NAME = "$(TARGET_NAME)";
				SWIFT_OBJC_BRIDGING_HEADER = "/Users/sakaifumiya/Desktop/iOSApp/InteractiveUISample/InteractiveUISample/InteractiveUISample-Bridging-Header.h";
				SWIFT_VERSION = 4.0;
				TARGETED_DEVICE_FAMILY = "1,2";
			};
			name = Release;
		};
		DEA210021FB824AB0003BD84 /* Debug */ = {
			isa = XCBuildConfiguration;
			buildSettings = {
				ALWAYS_EMBED_SWIFT_STANDARD_LIBRARIES = YES;
				BUNDLE_LOADER = "$(TEST_HOST)";
				CODE_SIGN_STYLE = Automatic;
				DEVELOPMENT_TEAM = S5BF5553KY;
				INFOPLIST_FILE = InteractiveUISampleTests/Info.plist;
				LD_RUNPATH_SEARCH_PATHS = "$(inherited) @executable_path/Frameworks @loader_path/Frameworks";
				PRODUCT_BUNDLE_IDENTIFIER = com.just1factory.InteractiveUISampleTests;
				PRODUCT_NAME = "$(TARGET_NAME)";
				SWIFT_VERSION = 4.0;
				TARGETED_DEVICE_FAMILY = "1,2";
				TEST_HOST = "$(BUILT_PRODUCTS_DIR)/InteractiveUISample.app/InteractiveUISample";
			};
			name = Debug;
		};
		DEA210031FB824AB0003BD84 /* Release */ = {
			isa = XCBuildConfiguration;
			buildSettings = {
				ALWAYS_EMBED_SWIFT_STANDARD_LIBRARIES = YES;
				BUNDLE_LOADER = "$(TEST_HOST)";
				CODE_SIGN_STYLE = Automatic;
				DEVELOPMENT_TEAM = S5BF5553KY;
				INFOPLIST_FILE = InteractiveUISampleTests/Info.plist;
				LD_RUNPATH_SEARCH_PATHS = "$(inherited) @executable_path/Frameworks @loader_path/Frameworks";
				PRODUCT_BUNDLE_IDENTIFIER = com.just1factory.InteractiveUISampleTests;
				PRODUCT_NAME = "$(TARGET_NAME)";
				SWIFT_VERSION = 4.0;
				TARGETED_DEVICE_FAMILY = "1,2";
				TEST_HOST = "$(BUILT_PRODUCTS_DIR)/InteractiveUISample.app/InteractiveUISample";
			};
			name = Release;
		};
		DEA210051FB824AB0003BD84 /* Debug */ = {
			isa = XCBuildConfiguration;
			buildSettings = {
				ALWAYS_EMBED_SWIFT_STANDARD_LIBRARIES = YES;
				CODE_SIGN_STYLE = Automatic;
				DEVELOPMENT_TEAM = S5BF5553KY;
				INFOPLIST_FILE = InteractiveUISampleUITests/Info.plist;
				LD_RUNPATH_SEARCH_PATHS = "$(inherited) @executable_path/Frameworks @loader_path/Frameworks";
				PRODUCT_BUNDLE_IDENTIFIER = com.just1factory.InteractiveUISampleUITests;
				PRODUCT_NAME = "$(TARGET_NAME)";
				SWIFT_VERSION = 4.0;
				TARGETED_DEVICE_FAMILY = "1,2";
				TEST_TARGET_NAME = InteractiveUISample;
			};
			name = Debug;
		};
		DEA210061FB824AB0003BD84 /* Release */ = {
			isa = XCBuildConfiguration;
			buildSettings = {
				ALWAYS_EMBED_SWIFT_STANDARD_LIBRARIES = YES;
				CODE_SIGN_STYLE = Automatic;
				DEVELOPMENT_TEAM = S5BF5553KY;
				INFOPLIST_FILE = InteractiveUISampleUITests/Info.plist;
				LD_RUNPATH_SEARCH_PATHS = "$(inherited) @executable_path/Frameworks @loader_path/Frameworks";
				PRODUCT_BUNDLE_IDENTIFIER = com.just1factory.InteractiveUISampleUITests;
				PRODUCT_NAME = "$(TARGET_NAME)";
				SWIFT_VERSION = 4.0;
				TARGETED_DEVICE_FAMILY = "1,2";
				TEST_TARGET_NAME = InteractiveUISample;
			};
			name = Release;
		};
/* End XCBuildConfiguration section */

/* Begin XCConfigurationList section */
		DEA20FD11FB824AB0003BD84 /* Build configuration list for PBXProject "InteractiveUISample" */ = {
			isa = XCConfigurationList;
			buildConfigurations = (
				DEA20FFC1FB824AB0003BD84 /* Debug */,
				DEA20FFD1FB824AB0003BD84 /* Release */,
			);
			defaultConfigurationIsVisible = 0;
			defaultConfigurationName = Release;
		};
		DEA20FFE1FB824AB0003BD84 /* Build configuration list for PBXNativeTarget "InteractiveUISample" */ = {
			isa = XCConfigurationList;
			buildConfigurations = (
				DEA20FFF1FB824AB0003BD84 /* Debug */,
				DEA210001FB824AB0003BD84 /* Release */,
			);
			defaultConfigurationIsVisible = 0;
			defaultConfigurationName = Release;
		};
		DEA210011FB824AB0003BD84 /* Build configuration list for PBXNativeTarget "InteractiveUISampleTests" */ = {
			isa = XCConfigurationList;
			buildConfigurations = (
				DEA210021FB824AB0003BD84 /* Debug */,
				DEA210031FB824AB0003BD84 /* Release */,
			);
			defaultConfigurationIsVisible = 0;
			defaultConfigurationName = Release;
		};
		DEA210041FB824AB0003BD84 /* Build configuration list for PBXNativeTarget "InteractiveUISampleUITests" */ = {
			isa = XCConfigurationList;
			buildConfigurations = (
				DEA210051FB824AB0003BD84 /* Debug */,
				DEA210061FB824AB0003BD84 /* Release */,
			);
			defaultConfigurationIsVisible = 0;
			defaultConfigurationName = Release;
		};
/* End XCConfigurationList section */
	};
	rootObject = DEA20FCE1FB824AB0003BD84 /* Project object */;
}
